
Microsoft Visual Studio Solution File, Format Version 12.00
# Visual Studio Version 17
VisualStudioVersion = 17.6.33829.357
MinimumVisualStudioVersion = 10.0.40219.1
Project("{FAE04EC0-301F-11D3-BF4B-00C04F79EFBC}") = "LeaderBoard", "LeaderBoard.csproj", "{544186C1-481B-4044-9B09-0D236CF4AA10}"
EndProject
Global
	GlobalSection(SolutionConfigurationPlatforms) = preSolution
		Debug|Any CPU = Debug|Any CPU
		Release|Any CPU = Release|Any CPU
	EndGlobalSection
	GlobalSection(ProjectConfigurationPlatforms) = postSolution
		{544186C1-481B-4044-9B09-0D236CF4AA10}.Debug|Any CPU.ActiveCfg = Debug|Any CPU
		{544186C1-481B-4044-9B09-0D236CF4AA10}.Debug|Any CPU.Build.0 = Debug|Any CPU
		{544186C1-481B-4044-9B09-0D236CF4AA10}.Release|Any CPU.ActiveCfg = Release|Any CPU
		{544186C1-481B-4044-9B09-0D236CF4AA10}.Release|Any CPU.Build.0 = Release|Any CPU
	EndGlobalSection
	GlobalSection(SolutionProperties) = preSolution
		HideSolutionNode = FALSE
	EndGlobalSection
	GlobalSection(ExtensibilityGlobals) = postSolution
		SolutionGuid = {3A4C810C-2DA2-401C-A204-8811741D59F1}
	EndGlobalSection
EndGlobal
